Microsoft Visual Studio Solution File, Format Version 12.00
# Visual Studio Version 17
VisualStudioVersion = 17.8.34219.65
MinimumVisualStudioVersion = 10.0.40219.1
Project("{FAE04EC0-301F-11D3-BF4B-00C04F79EFBC}") = "NBJMS_MAUI", "NBJMS_MAUI/NBJMS_MAUI.csproj", "{3C7E2D2C-5326-4D6D-B8A4-40C5F3E2102A}"
EndProject
Global
  GlobalSection(SolutionConfigurationPlatforms) = preSolution
    Debug|Any CPU = Debug|Any CPU
    Release|Any CPU = Release|Any CPU
  EndGlobalSection
  GlobalSection(ProjectConfigurationPlatforms) = postSolution
    {3C7E2D2C-5326-4D6D-B8A4-40C5F3E2102A}.Debug|Any CPU.ActiveCfg = Debug|Any CPU
    {3C7E2D2C-5326-4D6D-B8A4-40C5F3E2102A}.Debug|Any CPU.Build.0 = Debug|Any CPU
    {3C7E2D2C-5326-4D6D-B8A4-40C5F3E2102A}.Release|Any CPU.ActiveCfg = Release|Any CPU
    {3C7E2D2C-5326-4D6D-B8A4-40C5F3E2102A}.Release|Any CPU.Build.0 = Release|Any CPU
  EndGlobalSection
EndGlobal
